
Microsoft Visual Studio Solution File, Format Version 12.00
# Visual Studio Version 17
VisualStudioVersion = 17.11.35111.106
MinimumVisualStudioVersion = 10.0.40219.1
Project("{FAE04EC0-301F-11D3-BF4B-00C04F79EFBC}") = "SimpleWebScraper", "SimpleWebScraper.csproj", "{82D08909-1C8F-4D23-B62F-F9568070F625}"
EndProject
Global
	GlobalSection(SolutionConfigurationPlatforms) = preSolution
		Debug|Any CPU = Debug|Any CPU
		Release|Any CPU = Release|Any CPU
	EndGlobalSection
	GlobalSection(ProjectConfigurationPlatforms) = postSolution
		{82D08909-1C8F-4D23-B62F-F9568070F625}.Debug|Any CPU.ActiveCfg = Debug|Any CPU
		{82D08909-1C8F-4D23-B62F-F9568070F625}.Debug|Any CPU.Build.0 = Debug|Any CPU
		{82D08909-1C8F-4D23-B62F-F9568070F625}.Release|Any CPU.ActiveCfg = Release|Any CPU
		{82D08909-1C8F-4D23-B62F-F9568070F625}.Release|Any CPU.Build.0 = Release|Any CPU
	EndGlobalSection
	GlobalSection(SolutionProperties) = preSolution
		HideSolutionNode = FALSE
	EndGlobalSection
	GlobalSection(ExtensibilityGlobals) = postSolution
		SolutionGuid = {EFACE320-CC03-4E75-A28F-105506AA4B6D}
	EndGlobalSection
EndGlobal
